
Microsoft Visual Studio Solution File, Format Version 12.00
# Visual Studio Version 17
VisualStudioVersion = 17.10.35004.147
MinimumVisualStudioVersion = 10.0.40219.1
Project("{FAE04EC0-301F-11D3-BF4B-00C04F79EFBC}") = "Winform-App", "Ejemplos-ADO.net\Winform-App.csproj", "{8DBC096D-0A5D-45E8-99CD-30AC7F8C79E4}"
EndProject
Project("{FAE04EC0-301F-11D3-BF4B-00C04F79EFBC}") = "dominio", "dominio\dominio.csproj", "{88D8ED3A-9807-404D-9504-AEB12911E484}"
EndProject
Project("{FAE04EC0-301F-11D3-BF4B-00C04F79EFBC}") = "negocio", "negocio\negocio.csproj", "{9CD83866-39AE-4CD1-BC73-1433A75206E9}"
EndProject
Global
	GlobalSection(SolutionConfigurationPlatforms) = preSolution
		Debug|Any CPU = Debug|Any CPU
		Release|Any CPU = Release|Any CPU
	EndGlobalSection
	GlobalSection(ProjectConfigurationPlatforms) = postSolution
		{8DBC096D-0A5D-45E8-99CD-30AC7F8C79E4}.Debug|Any CPU.ActiveCfg = Debug|Any CPU
		{8DBC096D-0A5D-45E8-99CD-30AC7F8C79E4}.Debug|Any CPU.Build.0 = Debug|Any CPU
		{8DBC096D-0A5D-45E8-99CD-30AC7F8C79E4}.Release|Any CPU.ActiveCfg = Release|Any CPU
		{8DBC096D-0A5D-45E8-99CD-30AC7F8C79E4}.Release|Any CPU.Build.0 = Release|Any CPU
		{88D8ED3A-9807-404D-9504-AEB12911E484}.Debug|Any CPU.ActiveCfg = Debug|Any CPU
		{88D8ED3A-9807-404D-9504-AEB12911E484}.Debug|Any CPU.Build.0 = Debug|Any CPU
		{88D8ED3A-9807-404D-9504-AEB12911E484}.Release|Any CPU.ActiveCfg = Release|Any CPU
		{88D8ED3A-9807-404D-9504-AEB12911E484}.Release|Any CPU.Build.0 = Release|Any CPU
		{9CD83866-39AE-4CD1-BC73-1433A75206E9}.Debug|Any CPU.ActiveCfg = Debug|Any CPU
		{9CD83866-39AE-4CD1-BC73-1433A75206E9}.Debug|Any CPU.Build.0 = Debug|Any CPU
		{9CD83866-39AE-4CD1-BC73-1433A75206E9}.Release|Any CPU.ActiveCfg = Release|Any CPU
		{9CD83866-39AE-4CD1-BC73-1433A75206E9}.Release|Any CPU.Build.0 = Release|Any CPU
	EndGlobalSection
	GlobalSection(SolutionProperties) = preSolution
		HideSolutionNode = FALSE
	EndGlobalSection
	GlobalSection(ExtensibilityGlobals) = postSolution
		SolutionGuid = {91DDE837-EACF-40A8-9EC4-6E5AF7BA6CD7}
	EndGlobalSection
EndGlobal
